
Microsoft Visual Studio Solution File, Format Version 12.00
# Visual Studio 15
VisualStudioVersion = 15.0.27130.0
MinimumVisualStudioVersion = 10.0.40219.1
Project("{FAE04EC0-301F-11D3-BF4B-00C04F79EFBC}") = "HTML5_CSS_JavaScript", "HTML5_CSS_JavaScript\HTML5_CSS_JavaScript.csproj", "{D5279EBF-B23A-41E8-87F7-50828D639157}"
EndProject
Project("{FAE04EC0-301F-11D3-BF4B-00C04F79EFBC}") = "JavaScriptTestDebugger", "JavaScriptTestDebugger\JavaScriptTestDebugger.csproj", "{16222560-DDD1-4C52-9DB0-23D4055FD81B}"
EndProject
Project("{FAE04EC0-301F-11D3-BF4B-00C04F79EFBC}") = "Calculator", "ZCalculator\Calculator.csproj", "{914AB413-2599-45BB-9B78-F54646229D3A}"
EndProject
Project("{FAE04EC0-301F-11D3-BF4B-00C04F79EFBC}") = "CalculatorJQueryNamespaceAndPatterns", "ZCalculatorJQueryNamespace\CalculatorJQueryNamespaceAndPatterns.csproj", "{EBCE8685-A4E0-450C-AF8B-4B25AC407763}"
EndProject
Project("{FAE04EC0-301F-11D3-BF4B-00C04F79EFBC}") = "NodeJS", "NodeJS\NodeJS.csproj", "{81F0BC99-39CF-49FE-B366-1558D002F69A}"
EndProject
Project("{FAE04EC0-301F-11D3-BF4B-00C04F79EFBC}") = "WebSockets", "WebSockets\WebSockets.csproj", "{E8C349BA-E630-4129-9C84-432948EBD9BB}"
EndProject
Project("{FAE04EC0-301F-11D3-BF4B-00C04F79EFBC}") = "AsyncJQuery", "ZAsyncJQuery\AsyncJQuery.csproj", "{EC0BC213-ADA0-4E40-946F-147CF55EDBC8}"
EndProject
Project("{FAE04EC0-301F-11D3-BF4B-00C04F79EFBC}") = "CanvasSnapshooter", "ZCanvasSnapshooter\CanvasSnapshooter.csproj", "{8B45D8ED-7850-47E1-AFC8-D9D7FB90C340}"
EndProject
Project("{FAE04EC0-301F-11D3-BF4B-00C04F79EFBC}") = "DragAndDrop", "ZDragAndDrop\DragAndDrop.csproj", "{CDD0C0D1-5DF3-4C91-B5FA-DDC9EED0E789}"
EndProject
Project("{FAE04EC0-301F-11D3-BF4B-00C04F79EFBC}") = "Geolocation", "ZGeolocation\Geolocation.csproj", "{A51426E1-8691-4879-A9F1-EEDDD8D8FD55}"
EndProject
Project("{FAE04EC0-301F-11D3-BF4B-00C04F79EFBC}") = "LocationAndSessionStorage", "ZLocationAndSessionStorage\LocationAndSessionStorage.csproj", "{115142FD-5758-44C2-8A7F-BFF6E5C510AE}"
EndProject
Project("{FAE04EC0-301F-11D3-BF4B-00C04F79EFBC}") = "IndexDB", "ZIndexDB\IndexDB.csproj", "{DC9B3274-7751-4E64-A404-6859E7E88FFE}"
EndProject
Project("{2150E333-8FDC-42A3-9474-1A3956D46DE8}") = "Exercícios", "Exercícios", "{C569C777-ACAF-44B2-84E0-1EBDFF9F2A37}"
EndProject
Global
	GlobalSection(SolutionConfigurationPlatforms) = preSolution
		Debug|Any CPU = Debug|Any CPU
		Release|Any CPU = Release|Any CPU
	EndGlobalSection
	GlobalSection(ProjectConfigurationPlatforms) = postSolution
		{D5279EBF-B23A-41E8-87F7-50828D639157}.Debug|Any CPU.ActiveCfg = Debug|Any CPU
		{D5279EBF-B23A-41E8-87F7-50828D639157}.Debug|Any CPU.Build.0 = Debug|Any CPU
		{D5279EBF-B23A-41E8-87F7-50828D639157}.Release|Any CPU.ActiveCfg = Release|Any CPU
		{D5279EBF-B23A-41E8-87F7-50828D639157}.Release|Any CPU.Build.0 = Release|Any CPU
		{16222560-DDD1-4C52-9DB0-23D4055FD81B}.Debug|Any CPU.ActiveCfg = Debug|Any CPU
		{16222560-DDD1-4C52-9DB0-23D4055FD81B}.Debug|Any CPU.Build.0 = Debug|Any CPU
		{16222560-DDD1-4C52-9DB0-23D4055FD81B}.Release|Any CPU.ActiveCfg = Release|Any CPU
		{16222560-DDD1-4C52-9DB0-23D4055FD81B}.Release|Any CPU.Build.0 = Release|Any CPU
		{914AB413-2599-45BB-9B78-F54646229D3A}.Debug|Any CPU.ActiveCfg = Debug|Any CPU
		{914AB413-2599-45BB-9B78-F54646229D3A}.Debug|Any CPU.Build.0 = Debug|Any CPU
		{914AB413-2599-45BB-9B78-F54646229D3A}.Release|Any CPU.ActiveCfg = Release|Any CPU
		{914AB413-2599-45BB-9B78-F54646229D3A}.Release|Any CPU.Build.0 = Release|Any CPU
		{EBCE8685-A4E0-450C-AF8B-4B25AC407763}.Debug|Any CPU.ActiveCfg = Debug|Any CPU
		{EBCE8685-A4E0-450C-AF8B-4B25AC407763}.Debug|Any CPU.Build.0 = Debug|Any CPU
		{EBCE8685-A4E0-450C-AF8B-4B25AC407763}.Release|Any CPU.ActiveCfg = Release|Any CPU
		{EBCE8685-A4E0-450C-AF8B-4B25AC407763}.Release|Any CPU.Build.0 = Release|Any CPU
		{81F0BC99-39CF-49FE-B366-1558D002F69A}.Debug|Any CPU.ActiveCfg = Debug|Any CPU
		{81F0BC99-39CF-49FE-B366-1558D002F69A}.Debug|Any CPU.Build.0 = Debug|Any CPU
		{81F0BC99-39CF-49FE-B366-1558D002F69A}.Release|Any CPU.ActiveCfg = Release|Any CPU
		{81F0BC99-39CF-49FE-B366-1558D002F69A}.Release|Any CPU.Build.0 = Release|Any CPU
		{E8C349BA-E630-4129-9C84-432948EBD9BB}.Debug|Any CPU.ActiveCfg = Debug|Any CPU
		{E8C349BA-E630-4129-9C84-432948EBD9BB}.Debug|Any CPU.Build.0 = Debug|Any CPU
		{E8C349BA-E630-4129-9C84-432948EBD9BB}.Release|Any CPU.ActiveCfg = Release|Any CPU
		{E8C349BA-E630-4129-9C84-432948EBD9BB}.Release|Any CPU.Build.0 = Release|Any CPU
		{EC0BC213-ADA0-4E40-946F-147CF55EDBC8}.Debug|Any CPU.ActiveCfg = Debug|Any CPU
		{EC0BC213-ADA0-4E40-946F-147CF55EDBC8}.Debug|Any CPU.Build.0 = Debug|Any CPU
		{EC0BC213-ADA0-4E40-946F-147CF55EDBC8}.Release|Any CPU.ActiveCfg = Release|Any CPU
		{EC0BC213-ADA0-4E40-946F-147CF55EDBC8}.Release|Any CPU.Build.0 = Release|Any CPU
		{8B45D8ED-7850-47E1-AFC8-D9D7FB90C340}.Debug|Any CPU.ActiveCfg = Debug|Any CPU
		{8B45D8ED-7850-47E1-AFC8-D9D7FB90C340}.Debug|Any CPU.Build.0 = Debug|Any CPU
		{8B45D8ED-7850-47E1-AFC8-D9D7FB90C340}.Release|Any CPU.ActiveCfg = Release|Any CPU
		{8B45D8ED-7850-47E1-AFC8-D9D7FB90C340}.Release|Any CPU.Build.0 = Release|Any CPU
		{CDD0C0D1-5DF3-4C91-B5FA-DDC9EED0E789}.Debug|Any CPU.ActiveCfg = Debug|Any CPU
		{CDD0C0D1-5DF3-4C91-B5FA-DDC9EED0E789}.Debug|Any CPU.Build.0 = Debug|Any CPU
		{CDD0C0D1-5DF3-4C91-B5FA-DDC9EED0E789}.Release|Any CPU.ActiveCfg = Release|Any CPU
		{CDD0C0D1-5DF3-4C91-B5FA-DDC9EED0E789}.Release|Any CPU.Build.0 = Release|Any CPU
		{A51426E1-8691-4879-A9F1-EEDDD8D8FD55}.Debug|Any CPU.ActiveCfg = Debug|Any CPU
		{A51426E1-8691-4879-A9F1-EEDDD8D8FD55}.Debug|Any CPU.Build.0 = Debug|Any CPU
		{A51426E1-8691-4879-A9F1-EEDDD8D8FD55}.Release|Any CPU.ActiveCfg = Release|Any CPU
		{A51426E1-8691-4879-A9F1-EEDDD8D8FD55}.Release|Any CPU.Build.0 = Release|Any CPU
		{115142FD-5758-44C2-8A7F-BFF6E5C510AE}.Debug|Any CPU.ActiveCfg = Debug|Any CPU
		{115142FD-5758-44C2-8A7F-BFF6E5C510AE}.Debug|Any CPU.Build.0 = Debug|Any CPU
		{115142FD-5758-44C2-8A7F-BFF6E5C510AE}.Release|Any CPU.ActiveCfg = Release|Any CPU
		{115142FD-5758-44C2-8A7F-BFF6E5C510AE}.Release|Any CPU.Build.0 = Release|Any CPU
		{DC9B3274-7751-4E64-A404-6859E7E88FFE}.Debug|Any CPU.ActiveCfg = Debug|Any CPU
		{DC9B3274-7751-4E64-A404-6859E7E88FFE}.Debug|Any CPU.Build.0 = Debug|Any CPU
		{DC9B3274-7751-4E64-A404-6859E7E88FFE}.Release|Any CPU.ActiveCfg = Release|Any CPU
		{DC9B3274-7751-4E64-A404-6859E7E88FFE}.Release|Any CPU.Build.0 = Release|Any CPU
	EndGlobalSection
	GlobalSection(SolutionProperties) = preSolution
		HideSolutionNode = FALSE
	EndGlobalSection
	GlobalSection(NestedProjects) = preSolution
		{914AB413-2599-45BB-9B78-F54646229D3A} = {C569C777-ACAF-44B2-84E0-1EBDFF9F2A37}
		{EBCE8685-A4E0-450C-AF8B-4B25AC407763} = {C569C777-ACAF-44B2-84E0-1EBDFF9F2A37}
		{EC0BC213-ADA0-4E40-946F-147CF55EDBC8} = {C569C777-ACAF-44B2-84E0-1EBDFF9F2A37}
		{8B45D8ED-7850-47E1-AFC8-D9D7FB90C340} = {C569C777-ACAF-44B2-84E0-1EBDFF9F2A37}
		{CDD0C0D1-5DF3-4C91-B5FA-DDC9EED0E789} = {C569C777-ACAF-44B2-84E0-1EBDFF9F2A37}
		{A51426E1-8691-4879-A9F1-EEDDD8D8FD55} = {C569C777-ACAF-44B2-84E0-1EBDFF9F2A37}
		{115142FD-5758-44C2-8A7F-BFF6E5C510AE} = {C569C777-ACAF-44B2-84E0-1EBDFF9F2A37}
		{DC9B3274-7751-4E64-A404-6859E7E88FFE} = {C569C777-ACAF-44B2-84E0-1EBDFF9F2A37}
	EndGlobalSection
	GlobalSection(ExtensibilityGlobals) = postSolution
		SolutionGuid = {0AB59789-B44B-4039-8EB2-49059C79714A}
	EndGlobalSection
EndGlobal
